
Microsoft Visual Studio Solution File, Format Version 12.00
# Visual Studio Version 17
VisualStudioVersion = 17.4.33213.308
MinimumVisualStudioVersion = 10.0.40219.1
Project("{9A19103F-16F7-4668-BE54-9A1E7A4F7556}") = "API", "API\API.csproj", "{A89E824A-586D-44D7-8C50-06232AB0D74C}"
EndProject
Project("{FAE04EC0-301F-11D3-BF4B-00C04F79EFBC}") = "Test", "Test\Test.csproj", "{E378255E-8348-4DA2-B87F-88A8950CFCE5}"
EndProject
Project("{FAE04EC0-301F-11D3-BF4B-00C04F79EFBC}") = "test_old", "test_old\test_old.csproj", "{3053A684-7C9F-4788-A16C-FFF19AD2A1E7}"
EndProject
Global
	GlobalSection(SolutionConfigurationPlatforms) = preSolution
		Debug|Any CPU = Debug|Any CPU
		Release|Any CPU = Release|Any CPU
	EndGlobalSection
	GlobalSection(ProjectConfigurationPlatforms) = postSolution
		{A89E824A-586D-44D7-8C50-06232AB0D74C}.Debug|Any CPU.ActiveCfg = Debug|Any CPU
		{A89E824A-586D-44D7-8C50-06232AB0D74C}.Debug|Any CPU.Build.0 = Debug|Any CPU
		{A89E824A-586D-44D7-8C50-06232AB0D74C}.Release|Any CPU.ActiveCfg = Release|Any CPU
		{A89E824A-586D-44D7-8C50-06232AB0D74C}.Release|Any CPU.Build.0 = Release|Any CPU
		{E378255E-8348-4DA2-B87F-88A8950CFCE5}.Debug|Any CPU.ActiveCfg = Debug|Any CPU
		{E378255E-8348-4DA2-B87F-88A8950CFCE5}.Debug|Any CPU.Build.0 = Debug|Any CPU
		{E378255E-8348-4DA2-B87F-88A8950CFCE5}.Release|Any CPU.ActiveCfg = Release|Any CPU
		{E378255E-8348-4DA2-B87F-88A8950CFCE5}.Release|Any CPU.Build.0 = Release|Any CPU
		{3053A684-7C9F-4788-A16C-FFF19AD2A1E7}.Debug|Any CPU.ActiveCfg = Debug|Any CPU
		{3053A684-7C9F-4788-A16C-FFF19AD2A1E7}.Debug|Any CPU.Build.0 = Debug|Any CPU
		{3053A684-7C9F-4788-A16C-FFF19AD2A1E7}.Release|Any CPU.ActiveCfg = Release|Any CPU
		{3053A684-7C9F-4788-A16C-FFF19AD2A1E7}.Release|Any CPU.Build.0 = Release|Any CPU
	EndGlobalSection
	GlobalSection(SolutionProperties) = preSolution
		HideSolutionNode = FALSE
	EndGlobalSection
	GlobalSection(ExtensibilityGlobals) = postSolution
		SolutionGuid = {4B5B8A1A-2600-425A-B668-BAA6112A1A9A}
	EndGlobalSection
EndGlobal
